
Microsoft Visual Studio Solution File, Format Version 12.00
# Visual Studio Version 17
VisualStudioVersion = 17.0.31903.59
MinimumVisualStudioVersion = 10.0.40219.1
Project("{9A19103F-16F7-4668-BE54-9A1E7A4F7556}") = "News.App", "News.App\News.App.csproj", "{E49BA8D6-D2F5-4F20-8089-577416E7D0FB}"
EndProject
Project("{9A19103F-16F7-4668-BE54-9A1E7A4F7556}") = "News.Service", "News.Service\News.Service.csproj", "{63D6E14C-A239-46D5-8A16-B2AE501C3596}"
EndProject
Project("{9A19103F-16F7-4668-BE54-9A1E7A4F7556}") = "News.Tests", "News.Tests\News.Tests.csproj", "{ABF969C5-255D-4450-B5A7-B7863C866D42}"
EndProject
Global
	GlobalSection(SolutionConfigurationPlatforms) = preSolution
		Debug|Any CPU = Debug|Any CPU
		Release|Any CPU = Release|Any CPU
	EndGlobalSection
	GlobalSection(ProjectConfigurationPlatforms) = postSolution
		{E49BA8D6-D2F5-4F20-8089-577416E7D0FB}.Debug|Any CPU.ActiveCfg = Debug|Any CPU
		{E49BA8D6-D2F5-4F20-8089-577416E7D0FB}.Debug|Any CPU.Build.0 = Debug|Any CPU
		{E49BA8D6-D2F5-4F20-8089-577416E7D0FB}.Release|Any CPU.ActiveCfg = Release|Any CPU
		{E49BA8D6-D2F5-4F20-8089-577416E7D0FB}.Release|Any CPU.Build.0 = Release|Any CPU
		{63D6E14C-A239-46D5-8A16-B2AE501C3596}.Debug|Any CPU.ActiveCfg = Debug|Any CPU
		{63D6E14C-A239-46D5-8A16-B2AE501C3596}.Debug|Any CPU.Build.0 = Debug|Any CPU
		{63D6E14C-A239-46D5-8A16-B2AE501C3596}.Release|Any CPU.ActiveCfg = Release|Any CPU
		{63D6E14C-A239-46D5-8A16-B2AE501C3596}.Release|Any CPU.Build.0 = Release|Any CPU
		{ABF969C5-255D-4450-B5A7-B7863C866D42}.Debug|Any CPU.ActiveCfg = Debug|Any CPU
		{ABF969C5-255D-4450-B5A7-B7863C866D42}.Debug|Any CPU.Build.0 = Debug|Any CPU
		{ABF969C5-255D-4450-B5A7-B7863C866D42}.Release|Any CPU.ActiveCfg = Release|Any CPU
		{ABF969C5-255D-4450-B5A7-B7863C866D42}.Release|Any CPU.Build.0 = Release|Any CPU
	EndGlobalSection
	GlobalSection(SolutionProperties) = preSolution
		HideSolutionNode = FALSE
	EndGlobalSection
	GlobalSection(ExtensibilityGlobals) = postSolution
		SolutionGuid = {A6F14406-BC18-412B-BC79-5EE0853BAF8B}
	EndGlobalSection
EndGlobal
